{
  "requires": true,
  "lockfileVersion": 1,
  "dependencies": {
    "@posva/vuefire-core": {
      "version": "2.3.3",
      "resolved": "https://registry.npmjs.org/@posva/vuefire-core/-/vuefire-core-2.3.3.tgz",
      "integrity": "sha512-mF5kyswrEd/+ZwTVFxaGoU4vCQ5G8aXHH83+VJerbjqYrh5p7BJURcGntpJR63ajvvK9IaFJMthyymAgICjkow=="
    },
    "vuefire": {
      "version": "2.2.4",
      "resolved": "https://registry.npmjs.org/vuefire/-/vuefire-2.2.4.tgz",
      "integrity": "sha512-f2NuSAH8bjbYJz1E8Bu9fVJVxbYwMrMp/9zowyRZi31JaWZc/eYYXqmTWB3y7cANFtWfTUXWlHNc1M//ZuH5iQ==",
      "requires": {
        "@posva/vuefire-core": "^2.3.3"
      }
    }
  }
}
